
Microsoft Visual Studio Solution File, Format Version 12.00
# Visual Studio Version 17
VisualStudioVersion = 17.0.32112.339
MinimumVisualStudioVersion = 10.0.40219.1
Project("{9A19103F-16F7-4668-BE54-9A1E7A4F7556}") = "RedPlus.Models", "RedPlus.Models\RedPlus.Models.csproj", "{E84495B7-F4F0-4A65-8E19-6A59B2DD2225}"
EndProject
Project("{00D1A9C2-B5F0-4AF3-8072-F6C62B433612}") = "RedPlus.SqlServer", "RedPlus.SqlServer\RedPlus.SqlServer.sqlproj", "{4CC732F6-2EF9-42FC-8AFA-58E3517EF61F}"
EndProject
Project("{9A19103F-16F7-4668-BE54-9A1E7A4F7556}") = "RedPlus.Models.Tests", "RedPlus.Models.Tests\RedPlus.Models.Tests.csproj", "{59C9AA52-E950-4DAF-A940-1F1CE6F21564}"
EndProject
Project("{9A19103F-16F7-4668-BE54-9A1E7A4F7556}") = "RedPlus.V50", "RedPlus.V50\RedPlus.V50.csproj", "{8520F0F4-5ACB-4433-A914-19311BD35DB6}"
EndProject
Project("{2150E333-8FDC-42A3-9474-1A3956D46DE8}") = "_", "_", "{261BD259-C35A-47BD-81C8-B5B7EB91D2B6}"
EndProject
Project("{00D1A9C2-B5F0-4AF3-8072-F6C62B433612}") = "RedPlus.Database", "RedPlus.Database\RedPlus.Database.sqlproj", "{AB177356-CDD1-437E-B6B7-6C3F0233A357}"
EndProject
Project("{9A19103F-16F7-4668-BE54-9A1E7A4F7556}") = "RedPlus.V60", "RedPlus.V60\RedPlus.V60.csproj", "{7BE1428A-664F-4E26-BA40-45AAA579392E}"
EndProject
Project("{FAE04EC0-301F-11D3-BF4B-00C04F79EFBC}") = "RedPlus", "RedPlus\RedPlus.csproj", "{C81ACAC1-2721-4284-B9CF-7435DF01ECA1}"
EndProject
Global
	GlobalSection(SolutionConfigurationPlatforms) = preSolution
		Debug|Any CPU = Debug|Any CPU
		Release|Any CPU = Release|Any CPU
	EndGlobalSection
	GlobalSection(ProjectConfigurationPlatforms) = postSolution
		{E84495B7-F4F0-4A65-8E19-6A59B2DD2225}.Debug|Any CPU.ActiveCfg = Debug|Any CPU
		{E84495B7-F4F0-4A65-8E19-6A59B2DD2225}.Debug|Any CPU.Build.0 = Debug|Any CPU
		{E84495B7-F4F0-4A65-8E19-6A59B2DD2225}.Release|Any CPU.ActiveCfg = Release|Any CPU
		{E84495B7-F4F0-4A65-8E19-6A59B2DD2225}.Release|Any CPU.Build.0 = Release|Any CPU
		{4CC732F6-2EF9-42FC-8AFA-58E3517EF61F}.Debug|Any CPU.ActiveCfg = Debug|Any CPU
		{4CC732F6-2EF9-42FC-8AFA-58E3517EF61F}.Debug|Any CPU.Build.0 = Debug|Any CPU
		{4CC732F6-2EF9-42FC-8AFA-58E3517EF61F}.Debug|Any CPU.Deploy.0 = Debug|Any CPU
		{4CC732F6-2EF9-42FC-8AFA-58E3517EF61F}.Release|Any CPU.ActiveCfg = Release|Any CPU
		{4CC732F6-2EF9-42FC-8AFA-58E3517EF61F}.Release|Any CPU.Build.0 = Release|Any CPU
		{4CC732F6-2EF9-42FC-8AFA-58E3517EF61F}.Release|Any CPU.Deploy.0 = Release|Any CPU
		{59C9AA52-E950-4DAF-A940-1F1CE6F21564}.Debug|Any CPU.ActiveCfg = Debug|Any CPU
		{59C9AA52-E950-4DAF-A940-1F1CE6F21564}.Debug|Any CPU.Build.0 = Debug|Any CPU
		{59C9AA52-E950-4DAF-A940-1F1CE6F21564}.Release|Any CPU.ActiveCfg = Release|Any CPU
		{59C9AA52-E950-4DAF-A940-1F1CE6F21564}.Release|Any CPU.Build.0 = Release|Any CPU
		{8520F0F4-5ACB-4433-A914-19311BD35DB6}.Debug|Any CPU.ActiveCfg = Debug|Any CPU
		{8520F0F4-5ACB-4433-A914-19311BD35DB6}.Debug|Any CPU.Build.0 = Debug|Any CPU
		{8520F0F4-5ACB-4433-A914-19311BD35DB6}.Release|Any CPU.ActiveCfg = Release|Any CPU
		{8520F0F4-5ACB-4433-A914-19311BD35DB6}.Release|Any CPU.Build.0 = Release|Any CPU
		{AB177356-CDD1-437E-B6B7-6C3F0233A357}.Debug|Any CPU.ActiveCfg = Debug|Any CPU
		{AB177356-CDD1-437E-B6B7-6C3F0233A357}.Debug|Any CPU.Build.0 = Debug|Any CPU
		{AB177356-CDD1-437E-B6B7-6C3F0233A357}.Debug|Any CPU.Deploy.0 = Debug|Any CPU
		{AB177356-CDD1-437E-B6B7-6C3F0233A357}.Release|Any CPU.ActiveCfg = Release|Any CPU
		{AB177356-CDD1-437E-B6B7-6C3F0233A357}.Release|Any CPU.Build.0 = Release|Any CPU
		{AB177356-CDD1-437E-B6B7-6C3F0233A357}.Release|Any CPU.Deploy.0 = Release|Any CPU
		{7BE1428A-664F-4E26-BA40-45AAA579392E}.Debug|Any CPU.ActiveCfg = Debug|Any CPU
		{7BE1428A-664F-4E26-BA40-45AAA579392E}.Debug|Any CPU.Build.0 = Debug|Any CPU
		{7BE1428A-664F-4E26-BA40-45AAA579392E}.Release|Any CPU.ActiveCfg = Release|Any CPU
		{7BE1428A-664F-4E26-BA40-45AAA579392E}.Release|Any CPU.Build.0 = Release|Any CPU
		{C81ACAC1-2721-4284-B9CF-7435DF01ECA1}.Debug|Any CPU.ActiveCfg = Debug|Any CPU
		{C81ACAC1-2721-4284-B9CF-7435DF01ECA1}.Debug|Any CPU.Build.0 = Debug|Any CPU
		{C81ACAC1-2721-4284-B9CF-7435DF01ECA1}.Release|Any CPU.ActiveCfg = Release|Any CPU
		{C81ACAC1-2721-4284-B9CF-7435DF01ECA1}.Release|Any CPU.Build.0 = Release|Any CPU
	EndGlobalSection
	GlobalSection(SolutionProperties) = preSolution
		HideSolutionNode = FALSE
	EndGlobalSection
	GlobalSection(NestedProjects) = preSolution
		{4CC732F6-2EF9-42FC-8AFA-58E3517EF61F} = {261BD259-C35A-47BD-81C8-B5B7EB91D2B6}
		{8520F0F4-5ACB-4433-A914-19311BD35DB6} = {261BD259-C35A-47BD-81C8-B5B7EB91D2B6}
		{7BE1428A-664F-4E26-BA40-45AAA579392E} = {261BD259-C35A-47BD-81C8-B5B7EB91D2B6}
	EndGlobalSection
	GlobalSection(ExtensibilityGlobals) = postSolution
		SolutionGuid = {4FEDC8EC-A936-4ABC-9827-3F16671D70AE}
	EndGlobalSection
EndGlobal
